
Microsoft Visual Studio Solution File, Format Version 12.00
# Visual Studio 2012
Project("{FAE04EC0-301F-11D3-BF4B-00C04F79EFBC}") = "VPNTest", "VPNTest\VPNTest.csproj", "{50EB0BEA-1E8C-4A89-A6C7-154B75D6A488}"
EndProject
Project("{FAE04EC0-301F-11D3-BF4B-00C04F79EFBC}") = "VPNTest.iOS", "iOS\VPNTest.iOS.csproj", "{24B2FFE7-A232-454C-995A-C1FBC2D41139}"
EndProject
Project("{FAE04EC0-301F-11D3-BF4B-00C04F79EFBC}") = "VPNTest.Droid", "Droid\VPNTest.Droid.csproj", "{A46D1466-C332-483C-8911-E4889668FD84}"
EndProject
Global
	GlobalSection(SolutionConfigurationPlatforms) = preSolution
		Debug|Any CPU = Debug|Any CPU
		Release|Any CPU = Release|Any CPU
		Debug|iPhoneSimulator = Debug|iPhoneSimulator
		Release|iPhone = Release|iPhone
		Release|iPhoneSimulator = Release|iPhoneSimulator
		Debug|iPhone = Debug|iPhone
	EndGlobalSection
	GlobalSection(ProjectConfigurationPlatforms) = postSolution
		{24B2FFE7-A232-454C-995A-C1FBC2D41139}.Debug|Any CPU.ActiveCfg = Debug|iPhoneSimulator
		{24B2FFE7-A232-454C-995A-C1FBC2D41139}.Debug|Any CPU.Build.0 = Debug|iPhoneSimulator
		{24B2FFE7-A232-454C-995A-C1FBC2D41139}.Debug|iPhone.ActiveCfg = Debug|iPhone
		{24B2FFE7-A232-454C-995A-C1FBC2D41139}.Debug|iPhone.Build.0 = Debug|iPhone
		{24B2FFE7-A232-454C-995A-C1FBC2D41139}.Debug|iPhoneSimulator.ActiveCfg = Debug|iPhoneSimulator
		{24B2FFE7-A232-454C-995A-C1FBC2D41139}.Debug|iPhoneSimulator.Build.0 = Debug|iPhoneSimulator
		{24B2FFE7-A232-454C-995A-C1FBC2D41139}.Release|Any CPU.ActiveCfg = Release|iPhone
		{24B2FFE7-A232-454C-995A-C1FBC2D41139}.Release|Any CPU.Build.0 = Release|iPhone
		{24B2FFE7-A232-454C-995A-C1FBC2D41139}.Release|iPhone.ActiveCfg = Release|iPhone
		{24B2FFE7-A232-454C-995A-C1FBC2D41139}.Release|iPhone.Build.0 = Release|iPhone
		{24B2FFE7-A232-454C-995A-C1FBC2D41139}.Release|iPhoneSimulator.ActiveCfg = Release|iPhoneSimulator
		{24B2FFE7-A232-454C-995A-C1FBC2D41139}.Release|iPhoneSimulator.Build.0 = Release|iPhoneSimulator
		{50EB0BEA-1E8C-4A89-A6C7-154B75D6A488}.Debug|Any CPU.ActiveCfg = Debug|Any CPU
		{50EB0BEA-1E8C-4A89-A6C7-154B75D6A488}.Debug|Any CPU.Build.0 = Debug|Any CPU
		{50EB0BEA-1E8C-4A89-A6C7-154B75D6A488}.Debug|iPhone.ActiveCfg = Debug|Any CPU
		{50EB0BEA-1E8C-4A89-A6C7-154B75D6A488}.Debug|iPhone.Build.0 = Debug|Any CPU
		{50EB0BEA-1E8C-4A89-A6C7-154B75D6A488}.Debug|iPhoneSimulator.ActiveCfg = Debug|Any CPU
		{50EB0BEA-1E8C-4A89-A6C7-154B75D6A488}.Debug|iPhoneSimulator.Build.0 = Debug|Any CPU
		{50EB0BEA-1E8C-4A89-A6C7-154B75D6A488}.Release|Any CPU.ActiveCfg = Release|Any CPU
		{50EB0BEA-1E8C-4A89-A6C7-154B75D6A488}.Release|Any CPU.Build.0 = Release|Any CPU
		{50EB0BEA-1E8C-4A89-A6C7-154B75D6A488}.Release|iPhone.ActiveCfg = Release|Any CPU
		{50EB0BEA-1E8C-4A89-A6C7-154B75D6A488}.Release|iPhone.Build.0 = Release|Any CPU
		{50EB0BEA-1E8C-4A89-A6C7-154B75D6A488}.Release|iPhoneSimulator.ActiveCfg = Release|Any CPU
		{50EB0BEA-1E8C-4A89-A6C7-154B75D6A488}.Release|iPhoneSimulator.Build.0 = Release|Any CPU
		{A46D1466-C332-483C-8911-E4889668FD84}.Debug|Any CPU.ActiveCfg = Debug|Any CPU
		{A46D1466-C332-483C-8911-E4889668FD84}.Debug|Any CPU.Build.0 = Debug|Any CPU
		{A46D1466-C332-483C-8911-E4889668FD84}.Debug|iPhone.ActiveCfg = Debug|Any CPU
		{A46D1466-C332-483C-8911-E4889668FD84}.Debug|iPhone.Build.0 = Debug|Any CPU
		{A46D1466-C332-483C-8911-E4889668FD84}.Debug|iPhoneSimulator.ActiveCfg = Debug|Any CPU
		{A46D1466-C332-483C-8911-E4889668FD84}.Debug|iPhoneSimulator.Build.0 = Debug|Any CPU
		{A46D1466-C332-483C-8911-E4889668FD84}.Release|Any CPU.ActiveCfg = Release|Any CPU
		{A46D1466-C332-483C-8911-E4889668FD84}.Release|Any CPU.Build.0 = Release|Any CPU
		{A46D1466-C332-483C-8911-E4889668FD84}.Release|iPhone.ActiveCfg = Release|Any CPU
		{A46D1466-C332-483C-8911-E4889668FD84}.Release|iPhone.Build.0 = Release|Any CPU
		{A46D1466-C332-483C-8911-E4889668FD84}.Release|iPhoneSimulator.ActiveCfg = Release|Any CPU
		{A46D1466-C332-483C-8911-E4889668FD84}.Release|iPhoneSimulator.Build.0 = Release|Any CPU
	EndGlobalSection
EndGlobal
